
Microsoft Visual Studio Solution File, Format Version 12.00
# Visual Studio Version 18
VisualStudioVersion = 18.2.11415.280
MinimumVisualStudioVersion = 10.0.40219.1
Project("{2150E333-8FDC-42A3-9474-1A3956D46DE8}") = "Global", "Global", "{0E1E9F10-D542-4BEC-A6E1-D68DC87F2CF4}"
	ProjectSection(SolutionItems) = preProject
		.editorconfig = .editorconfig
	EndProjectSection
EndProject
Project("{9A19103F-16F7-4668-BE54-9A1E7A4F7556}") = "DotNetTips.Spargine.Tester.BenchmarkTests", "source\Benchmarking\dotNetTips.Spargine.Tester.Benchmarking\DotNetTips.Spargine.Tester.BenchmarkTests.csproj", "{2F5484B8-E5F1-4EF8-B09A-7A4AD8707BB4}"
EndProject
Project("{9A19103F-16F7-4668-BE54-9A1E7A4F7556}") = "DotNetTips.Spargine.Core.BenchmarkTests", "source\Benchmarking\dotNetTips.Spargine.Core.BenchmarkTests\DotNetTips.Spargine.Core.BenchmarkTests.csproj", "{4FEB3475-17D4-47CF-840C-ABEF3F7BDC6F}"
EndProject
Project("{9A19103F-16F7-4668-BE54-9A1E7A4F7556}") = "DotNetTips.Spargine.Extensions.BenchmarkTests", "source\Benchmarking\dotNetTips.Spargine.Extensions.BenchmarkTests\DotNetTips.Spargine.Extensions.BenchmarkTests.csproj", "{63ACD6ED-8743-48C9-AAF8-C048587209FB}"
EndProject
Project("{FAE04EC0-301F-11D3-BF4B-00C04F79EFBC}") = "DotNetTips.Spargine.10.Benchmarking", "source\Benchmarking\dotNetTips.Spargine.10.Benchmarking\DotNetTips.Spargine.10.Benchmarking.csproj", "{37322AA8-C052-1A5E-802D-A041CD08B649}"
EndProject
Project("{2150E333-8FDC-42A3-9474-1A3956D46DE8}") = "Spargine", "Spargine", "{02EA681E-C7D8-13C7-8484-4AC65E1B71E8}"
EndProject
Project("{FAE04EC0-301F-11D3-BF4B-00C04F79EFBC}") = "DotNetTips.Spargine.10.Extensions", "source\dotNetTips.Spargine.10.Extensions\DotNetTips.Spargine.10.Extensions.csproj", "{9A243C95-7330-80FC-7CBA-5AD88363F632}"
EndProject
Project("{FAE04EC0-301F-11D3-BF4B-00C04F79EFBC}") = "DotNetTips.Spargine.10.Tester", "source\dotNetTips.Spargine.10.Tester\DotNetTips.Spargine.10.Tester.csproj", "{4C91B283-645C-4F1B-B53A-5B21815133FC}"
EndProject
Project("{FAE04EC0-301F-11D3-BF4B-00C04F79EFBC}") = "DotNetTips.Spargine.10.Core", "source\dotNetTips.Spargine.10.Core\DotNetTips.Spargine.10.Core.csproj", "{DCE808A7-016A-5764-5D22-B678B7CBFE3D}"
EndProject
Project("{FAE04EC0-301F-11D3-BF4B-00C04F79EFBC}") = "DotNetTips.Spargine.10", "source\dotNetTips.Spargine.10\DotNetTips.Spargine.10.csproj", "{87FAE025-F112-3FB1-A133-FBFBE700868D}"
EndProject
Project("{2150E333-8FDC-42A3-9474-1A3956D46DE8}") = "Source", "Source", "{74F50B35-6B6E-4BB1-927A-2B33C9B9BB00}"
EndProject
Global
	GlobalSection(SolutionConfigurationPlatforms) = preSolution
		Debug|Any CPU = Debug|Any CPU
		Release|Any CPU = Release|Any CPU
	EndGlobalSection
	GlobalSection(ProjectConfigurationPlatforms) = postSolution
		{2F5484B8-E5F1-4EF8-B09A-7A4AD8707BB4}.Debug|Any CPU.ActiveCfg = Release|Any CPU
		{2F5484B8-E5F1-4EF8-B09A-7A4AD8707BB4}.Debug|Any CPU.Build.0 = Release|Any CPU
		{2F5484B8-E5F1-4EF8-B09A-7A4AD8707BB4}.Release|Any CPU.ActiveCfg = Release|Any CPU
		{2F5484B8-E5F1-4EF8-B09A-7A4AD8707BB4}.Release|Any CPU.Build.0 = Release|Any CPU
		{4FEB3475-17D4-47CF-840C-ABEF3F7BDC6F}.Debug|Any CPU.ActiveCfg = Release|Any CPU
		{4FEB3475-17D4-47CF-840C-ABEF3F7BDC6F}.Debug|Any CPU.Build.0 = Release|Any CPU
		{4FEB3475-17D4-47CF-840C-ABEF3F7BDC6F}.Release|Any CPU.ActiveCfg = Release|Any CPU
		{4FEB3475-17D4-47CF-840C-ABEF3F7BDC6F}.Release|Any CPU.Build.0 = Release|Any CPU
		{63ACD6ED-8743-48C9-AAF8-C048587209FB}.Debug|Any CPU.ActiveCfg = Release|Any CPU
		{63ACD6ED-8743-48C9-AAF8-C048587209FB}.Debug|Any CPU.Build.0 = Release|Any CPU
		{63ACD6ED-8743-48C9-AAF8-C048587209FB}.Release|Any CPU.ActiveCfg = Release|Any CPU
		{63ACD6ED-8743-48C9-AAF8-C048587209FB}.Release|Any CPU.Build.0 = Release|Any CPU
		{37322AA8-C052-1A5E-802D-A041CD08B649}.Debug|Any CPU.ActiveCfg = Debug|Any CPU
		{37322AA8-C052-1A5E-802D-A041CD08B649}.Debug|Any CPU.Build.0 = Debug|Any CPU
		{37322AA8-C052-1A5E-802D-A041CD08B649}.Release|Any CPU.ActiveCfg = Release|Any CPU
		{37322AA8-C052-1A5E-802D-A041CD08B649}.Release|Any CPU.Build.0 = Release|Any CPU
		{9A243C95-7330-80FC-7CBA-5AD88363F632}.Debug|Any CPU.ActiveCfg = Debug|Any CPU
		{9A243C95-7330-80FC-7CBA-5AD88363F632}.Debug|Any CPU.Build.0 = Debug|Any CPU
		{9A243C95-7330-80FC-7CBA-5AD88363F632}.Release|Any CPU.ActiveCfg = Release|Any CPU
		{9A243C95-7330-80FC-7CBA-5AD88363F632}.Release|Any CPU.Build.0 = Release|Any CPU
		{4C91B283-645C-4F1B-B53A-5B21815133FC}.Debug|Any CPU.ActiveCfg = Debug|Any CPU
		{4C91B283-645C-4F1B-B53A-5B21815133FC}.Debug|Any CPU.Build.0 = Debug|Any CPU
		{4C91B283-645C-4F1B-B53A-5B21815133FC}.Release|Any CPU.ActiveCfg = Release|Any CPU
		{4C91B283-645C-4F1B-B53A-5B21815133FC}.Release|Any CPU.Build.0 = Release|Any CPU
		{DCE808A7-016A-5764-5D22-B678B7CBFE3D}.Debug|Any CPU.ActiveCfg = Debug|Any CPU
		{DCE808A7-016A-5764-5D22-B678B7CBFE3D}.Debug|Any CPU.Build.0 = Debug|Any CPU
		{DCE808A7-016A-5764-5D22-B678B7CBFE3D}.Release|Any CPU.ActiveCfg = Release|Any CPU
		{DCE808A7-016A-5764-5D22-B678B7CBFE3D}.Release|Any CPU.Build.0 = Release|Any CPU
		{87FAE025-F112-3FB1-A133-FBFBE700868D}.Debug|Any CPU.ActiveCfg = Debug|Any CPU
		{87FAE025-F112-3FB1-A133-FBFBE700868D}.Debug|Any CPU.Build.0 = Debug|Any CPU
		{87FAE025-F112-3FB1-A133-FBFBE700868D}.Release|Any CPU.ActiveCfg = Release|Any CPU
		{87FAE025-F112-3FB1-A133-FBFBE700868D}.Release|Any CPU.Build.0 = Release|Any CPU
	EndGlobalSection
	GlobalSection(SolutionProperties) = preSolution
		HideSolutionNode = FALSE
	EndGlobalSection
	GlobalSection(NestedProjects) = preSolution
		{2F5484B8-E5F1-4EF8-B09A-7A4AD8707BB4} = {74F50B35-6B6E-4BB1-927A-2B33C9B9BB00}
		{4FEB3475-17D4-47CF-840C-ABEF3F7BDC6F} = {74F50B35-6B6E-4BB1-927A-2B33C9B9BB00}
		{63ACD6ED-8743-48C9-AAF8-C048587209FB} = {74F50B35-6B6E-4BB1-927A-2B33C9B9BB00}
		{37322AA8-C052-1A5E-802D-A041CD08B649} = {74F50B35-6B6E-4BB1-927A-2B33C9B9BB00}
		{9A243C95-7330-80FC-7CBA-5AD88363F632} = {02EA681E-C7D8-13C7-8484-4AC65E1B71E8}
		{4C91B283-645C-4F1B-B53A-5B21815133FC} = {02EA681E-C7D8-13C7-8484-4AC65E1B71E8}
		{DCE808A7-016A-5764-5D22-B678B7CBFE3D} = {02EA681E-C7D8-13C7-8484-4AC65E1B71E8}
		{87FAE025-F112-3FB1-A133-FBFBE700868D} = {02EA681E-C7D8-13C7-8484-4AC65E1B71E8}
	EndGlobalSection
	GlobalSection(ExtensibilityGlobals) = postSolution
		SolutionGuid = {327DC320-CCF4-4DD7-BAF2-D9060A5761F2}
	EndGlobalSection
EndGlobal
